PODS:
  - Alamofire (4.9.1)
  - ObjectMapper (3.4.1)
  - VoucherifySwiftSdk (4.0.0):
    - Alamofire (~> 4.9.1)
    - ObjectMapper (~> 3.4)

DEPENDENCIES:
  - VoucherifySwiftSdk (from `../`)

SPEC REPOS:
  trunk:
    - Alamofire
    - ObjectMapper

EXTERNAL SOURCES:
  VoucherifySwiftSdk:
    :path: "../"

SPEC CHECKSUMS:
  Alamofire: 85e8a02c69d6020a0d734f6054870d7ecb75cf18
  ObjectMapper: 5311bd50ca732930959e7ca1a2de43ab823a5ced
  VoucherifySwiftSdk: 730242aed98cbab7ef0f08bd9b5388c85a05df72

PODFILE CHECKSUM: 847c74964c325a87f4a2923fcdcb59e8ec2db25a

COCOAPODS: 1.8.4
